
Microsoft Visual Studio Solution File, Format Version 12.00
# Visual Studio 14
VisualStudioVersion = 14.0.25420.1
MinimumVisualStudioVersion = 10.0.40219.1
Project("{FAE04EC0-301F-11D3-BF4B-00C04F79EFBC}") = "SmartcomConnector", "SmartcomConnector\SmartcomConnector.csproj", "{0E98B858-8006-4E56-A820-5873A4C3739D}"
EndProject
Project("{FAE04EC0-301F-11D3-BF4B-00C04F79EFBC}") = "SmartComConnectorTests", "SmartComConnectorTests\SmartComConnectorTests.csproj", "{48BF4AA9-5241-4296-AC7E-F204F2CEE1F4}"
EndProject
Global
	GlobalSection(SolutionConfigurationPlatforms) = preSolution
		Debug|Any CPU = Debug|Any CPU
		Release|Any CPU = Release|Any CPU
	EndGlobalSection
	GlobalSection(ProjectConfigurationPlatforms) = postSolution
		{0E98B858-8006-4E56-A820-5873A4C3739D}.Debug|Any CPU.ActiveCfg = Debug|Any CPU
		{0E98B858-8006-4E56-A820-5873A4C3739D}.Debug|Any CPU.Build.0 = Debug|Any CPU
		{0E98B858-8006-4E56-A820-5873A4C3739D}.Release|Any CPU.ActiveCfg = Release|Any CPU
		{0E98B858-8006-4E56-A820-5873A4C3739D}.Release|Any CPU.Build.0 = Release|Any CPU
		{48BF4AA9-5241-4296-AC7E-F204F2CEE1F4}.Debug|Any CPU.ActiveCfg = Debug|Any CPU
		{48BF4AA9-5241-4296-AC7E-F204F2CEE1F4}.Debug|Any CPU.Build.0 = Debug|Any CPU
		{48BF4AA9-5241-4296-AC7E-F204F2CEE1F4}.Release|Any CPU.ActiveCfg = Release|Any CPU
		{48BF4AA9-5241-4296-AC7E-F204F2CEE1F4}.Release|Any CPU.Build.0 = Release|Any CPU
	EndGlobalSection
	GlobalSection(SolutionProperties) = preSolution
		HideSolutionNode = FALSE
	EndGlobalSection
EndGlobal
